
Microsoft Visual Studio Solution File, Format Version 12.00
# Visual Studio Version 17
VisualStudioVersion = 17.3.32922.545
MinimumVisualStudioVersion = 10.0.40219.1
Project("{FAE04EC0-301F-11D3-BF4B-00C04F79EFBC}") = "BethanysPieShop", "BethanysPieShop.csproj", "{FAD14129-DAEC-4EB4-B9A5-A1F356993750}"
EndProject
Global
	GlobalSection(SolutionConfigurationPlatforms) = preSolution
		Debug|Any CPU = Debug|Any CPU
		Release|Any CPU = Release|Any CPU
	EndGlobalSection
	GlobalSection(ProjectConfigurationPlatforms) = postSolution
		{FAD14129-DAEC-4EB4-B9A5-A1F356993750}.Debug|Any CPU.ActiveCfg = Debug|Any CPU
		{FAD14129-DAEC-4EB4-B9A5-A1F356993750}.Debug|Any CPU.Build.0 = Debug|Any CPU
		{FAD14129-DAEC-4EB4-B9A5-A1F356993750}.Release|Any CPU.ActiveCfg = Release|Any CPU
		{FAD14129-DAEC-4EB4-B9A5-A1F356993750}.Release|Any CPU.Build.0 = Release|Any CPU
	EndGlobalSection
	GlobalSection(SolutionProperties) = preSolution
		HideSolutionNode = FALSE
	EndGlobalSection
	GlobalSection(ExtensibilityGlobals) = postSolution
		SolutionGuid = {F8CFCEC2-02D3-4D02-AB3D-7DD841CC74E2}
	EndGlobalSection
EndGlobal
